
Microsoft Visual Studio Solution File, Format Version 12.00
# Visual Studio Version 16
VisualStudioVersion = 16.0.31321.278
MinimumVisualStudioVersion = 10.0.40219.1
Project("{FAE04EC0-301F-11D3-BF4B-00C04F79EFBC}") = "myconsole", "myconsole\myconsole.csproj", "{88A1F96E-D8B6-4FE1-85EC-1359F898604A}"
EndProject
Project("{FAE04EC0-301F-11D3-BF4B-00C04F79EFBC}") = "mylibrary", "mylibrary\mylibrary.csproj", "{BAA1470D-2FF4-457B-9C37-0F45285DA00E}"
EndProject
Global
	GlobalSection(SolutionConfigurationPlatforms) = preSolution
		Debug|Any CPU = Debug|Any CPU
		Release|Any CPU = Release|Any CPU
	EndGlobalSection
	GlobalSection(ProjectConfigurationPlatforms) = postSolution
		{88A1F96E-D8B6-4FE1-85EC-1359F898604A}.Debug|Any CPU.ActiveCfg = Debug|Any CPU
		{88A1F96E-D8B6-4FE1-85EC-1359F898604A}.Debug|Any CPU.Build.0 = Debug|Any CPU
		{88A1F96E-D8B6-4FE1-85EC-1359F898604A}.Release|Any CPU.ActiveCfg = Release|Any CPU
		{88A1F96E-D8B6-4FE1-85EC-1359F898604A}.Release|Any CPU.Build.0 = Release|Any CPU
		{BAA1470D-2FF4-457B-9C37-0F45285DA00E}.Debug|Any CPU.ActiveCfg = Debug|Any CPU
		{BAA1470D-2FF4-457B-9C37-0F45285DA00E}.Debug|Any CPU.Build.0 = Debug|Any CPU
		{BAA1470D-2FF4-457B-9C37-0F45285DA00E}.Release|Any CPU.ActiveCfg = Release|Any CPU
		{BAA1470D-2FF4-457B-9C37-0F45285DA00E}.Release|Any CPU.Build.0 = Release|Any CPU
	EndGlobalSection
	GlobalSection(SolutionProperties) = preSolution
		HideSolutionNode = FALSE
	EndGlobalSection
	GlobalSection(ExtensibilityGlobals) = postSolution
		SolutionGuid = {B6396663-B4A5-459E-A1AE-585E0AE8515F}
	EndGlobalSection
EndGlobal
